
Microsoft Visual Studio Solution File, Format Version 12.00
# Visual Studio Version 17
VisualStudioVersion = 17.14.36121.58 d17.14
MinimumVisualStudioVersion = 10.0.40219.1
Project("{FAE04EC0-301F-11D3-BF4B-00C04F79EFBC}") = "gitnetcore", "gitnetcore\gitnetcore.csproj", "{9C27398A-F67B-4969-899E-A7A67A91A639}"
EndProject
Global
	GlobalSection(SolutionConfigurationPlatforms) = preSolution
		Debug|Any CPU = Debug|Any CPU
		Release|Any CPU = Release|Any CPU
	EndGlobalSection
	GlobalSection(ProjectConfigurationPlatforms) = postSolution
		{9C27398A-F67B-4969-899E-A7A67A91A639}.Debug|Any CPU.ActiveCfg = Debug|Any CPU
		{9C27398A-F67B-4969-899E-A7A67A91A639}.Debug|Any CPU.Build.0 = Debug|Any CPU
		{9C27398A-F67B-4969-899E-A7A67A91A639}.Release|Any CPU.ActiveCfg = Release|Any CPU
		{9C27398A-F67B-4969-899E-A7A67A91A639}.Release|Any CPU.Build.0 = Release|Any CPU
	EndGlobalSection
	GlobalSection(SolutionProperties) = preSolution
		HideSolutionNode = FALSE
	EndGlobalSection
	GlobalSection(ExtensibilityGlobals) = postSolution
		SolutionGuid = {5DBA2B69-B0FA-406D-8163-4E18EBEB2543}
	EndGlobalSection
EndGlobal
